
Microsoft Visual Studio Solution File, Format Version 12.00
# Visual Studio Version 17
VisualStudioVersion = 17.0.31903.59
MinimumVisualStudioVersion = 10.0.40219.1
Project("{2150E333-8FDC-42A3-9474-1A3956D46DE8}") = "src", "src", "{827E0CD3-B72D-47B6-A68D-7590B98EB39B}"
EndProject
Project("{FAE04EC0-301F-11D3-BF4B-00C04F79EFBC}") = "DubbingPlatform.Domain", "src\DubbingPlatform.Domain\DubbingPlatform.Domain.csproj", "{A59FA0BB-86A9-40D9-AFF7-F2523F1D0F9B}"
EndProject
Project("{FAE04EC0-301F-11D3-BF4B-00C04F79EFBC}") = "DubbingPlatform.Contracts", "src\DubbingPlatform.Contracts\DubbingPlatform.Contracts.csproj", "{679BCDDF-81F3-4B52-AEE3-976CCB0544D5}"
EndProject
Project("{FAE04EC0-301F-11D3-BF4B-00C04F79EFBC}") = "DubbingPlatform.Application", "src\DubbingPlatform.Application\DubbingPlatform.Application.csproj", "{B6EAC893-04A5-44EE-8BEB-36029FECB081}"
EndProject
Project("{FAE04EC0-301F-11D3-BF4B-00C04F79EFBC}") = "DubbingPlatform.Infrastructure", "src\DubbingPlatform.Infrastructure\DubbingPlatform.Infrastructure.csproj", "{9CCDCA3E-679A-497D-9014-2FA65FFAD971}"
EndProject
Project("{FAE04EC0-301F-11D3-BF4B-00C04F79EFBC}") = "DubbingPlatform.Api", "src\DubbingPlatform.Api\DubbingPlatform.Api.csproj", "{DE5BE560-5C28-4264-8BB9-A11793B6D0F1}"
EndProject
Project("{FAE04EC0-301F-11D3-BF4B-00C04F79EFBC}") = "DubbingPlatform.Workers", "src\DubbingPlatform.Workers\DubbingPlatform.Workers.csproj", "{30CB8F63-F66D-4297-8F54-C06FF8FBF963}"
EndProject
Project("{2150E333-8FDC-42A3-9474-1A3956D46DE8}") = "tests", "tests", "{0AB3BF05-4346-4AA6-1389-037BE0695223}"
EndProject
Project("{FAE04EC0-301F-11D3-BF4B-00C04F79EFBC}") = "DubbingPlatform.UnitTests", "tests\DubbingPlatform.UnitTests\DubbingPlatform.UnitTests.csproj", "{992F5AEA-24FB-4DB0-AAB4-964C545E102E}"
EndProject
Project("{FAE04EC0-301F-11D3-BF4B-00C04F79EFBC}") = "DubbingPlatform.IntegrationTests", "tests\DubbingPlatform.IntegrationTests\DubbingPlatform.IntegrationTests.csproj", "{1A98CAD6-1245-4EEB-9901-829A380A040A}"
EndProject
Project("{FAE04EC0-301F-11D3-BF4B-00C04F79EFBC}") = "DubbingPlatform.ContractTests", "tests\DubbingPlatform.ContractTests\DubbingPlatform.ContractTests.csproj", "{55864E24-D9B6-444B-A19D-1B89B80C2C26}"
EndProject
Project("{FAE04EC0-301F-11D3-BF4B-00C04F79EFBC}") = "DubbingPlatform.E2ETests", "tests\DubbingPlatform.E2ETests\DubbingPlatform.E2ETests.csproj", "{FB8819C3-B2B1-4BB8-94D0-A1879295C458}"
EndProject
Global
	GlobalSection(SolutionConfigurationPlatforms) = preSolution
		Debug|Any CPU = Debug|Any CPU
		Debug|x64 = Debug|x64
		Debug|x86 = Debug|x86
		Release|Any CPU = Release|Any CPU
		Release|x64 = Release|x64
		Release|x86 = Release|x86
	EndGlobalSection
	GlobalSection(ProjectConfigurationPlatforms) = postSolution
		{A59FA0BB-86A9-40D9-AFF7-F2523F1D0F9B}.Debug|Any CPU.ActiveCfg = Debug|Any CPU
		{A59FA0BB-86A9-40D9-AFF7-F2523F1D0F9B}.Debug|Any CPU.Build.0 = Debug|Any CPU
		{A59FA0BB-86A9-40D9-AFF7-F2523F1D0F9B}.Debug|x64.ActiveCfg = Debug|Any CPU
		{A59FA0BB-86A9-40D9-AFF7-F2523F1D0F9B}.Debug|x64.Build.0 = Debug|Any CPU
		{A59FA0BB-86A9-40D9-AFF7-F2523F1D0F9B}.Debug|x86.ActiveCfg = Debug|Any CPU
		{A59FA0BB-86A9-40D9-AFF7-F2523F1D0F9B}.Debug|x86.Build.0 = Debug|Any CPU
		{A59FA0BB-86A9-40D9-AFF7-F2523F1D0F9B}.Release|Any CPU.ActiveCfg = Release|Any CPU
		{A59FA0BB-86A9-40D9-AFF7-F2523F1D0F9B}.Release|Any CPU.Build.0 = Release|Any CPU
		{A59FA0BB-86A9-40D9-AFF7-F2523F1D0F9B}.Release|x64.ActiveCfg = Release|Any CPU
		{A59FA0BB-86A9-40D9-AFF7-F2523F1D0F9B}.Release|x64.Build.0 = Release|Any CPU
		{A59FA0BB-86A9-40D9-AFF7-F2523F1D0F9B}.Release|x86.ActiveCfg = Release|Any CPU
		{A59FA0BB-86A9-40D9-AFF7-F2523F1D0F9B}.Release|x86.Build.0 = Release|Any CPU
		{679BCDDF-81F3-4B52-AEE3-976CCB0544D5}.Debug|Any CPU.ActiveCfg = Debug|Any CPU
		{679BCDDF-81F3-4B52-AEE3-976CCB0544D5}.Debug|Any CPU.Build.0 = Debug|Any CPU
		{679BCDDF-81F3-4B52-AEE3-976CCB0544D5}.Debug|x64.ActiveCfg = Debug|Any CPU
		{679BCDDF-81F3-4B52-AEE3-976CCB0544D5}.Debug|x64.Build.0 = Debug|Any CPU
		{679BCDDF-81F3-4B52-AEE3-976CCB0544D5}.Debug|x86.ActiveCfg = Debug|Any CPU
		{679BCDDF-81F3-4B52-AEE3-976CCB0544D5}.Debug|x86.Build.0 = Debug|Any CPU
		{679BCDDF-81F3-4B52-AEE3-976CCB0544D5}.Release|Any CPU.ActiveCfg = Release|Any CPU
		{679BCDDF-81F3-4B52-AEE3-976CCB0544D5}.Release|Any CPU.Build.0 = Release|Any CPU
		{679BCDDF-81F3-4B52-AEE3-976CCB0544D5}.Release|x64.ActiveCfg = Release|Any CPU
		{679BCDDF-81F3-4B52-AEE3-976CCB0544D5}.Release|x64.Build.0 = Release|Any CPU
		{679BCDDF-81F3-4B52-AEE3-976CCB0544D5}.Release|x86.ActiveCfg = Release|Any CPU
		{679BCDDF-81F3-4B52-AEE3-976CCB0544D5}.Release|x86.Build.0 = Release|Any CPU
		{B6EAC893-04A5-44EE-8BEB-36029FECB081}.Debug|Any CPU.ActiveCfg = Debug|Any CPU
		{B6EAC893-04A5-44EE-8BEB-36029FECB081}.Debug|Any CPU.Build.0 = Debug|Any CPU
		{B6EAC893-04A5-44EE-8BEB-36029FECB081}.Debug|x64.ActiveCfg = Debug|Any CPU
		{B6EAC893-04A5-44EE-8BEB-36029FECB081}.Debug|x64.Build.0 = Debug|Any CPU
		{B6EAC893-04A5-44EE-8BEB-36029FECB081}.Debug|x86.ActiveCfg = Debug|Any CPU
		{B6EAC893-04A5-44EE-8BEB-36029FECB081}.Debug|x86.Build.0 = Debug|Any CPU
		{B6EAC893-04A5-44EE-8BEB-36029FECB081}.Release|Any CPU.ActiveCfg = Release|Any CPU
		{B6EAC893-04A5-44EE-8BEB-36029FECB081}.Release|Any CPU.Build.0 = Release|Any CPU
		{B6EAC893-04A5-44EE-8BEB-36029FECB081}.Release|x64.ActiveCfg = Release|Any CPU
		{B6EAC893-04A5-44EE-8BEB-36029FECB081}.Release|x64.Build.0 = Release|Any CPU
		{B6EAC893-04A5-44EE-8BEB-36029FECB081}.Release|x86.ActiveCfg = Release|Any CPU
		{B6EAC893-04A5-44EE-8BEB-36029FECB081}.Release|x86.Build.0 = Release|Any CPU
		{9CCDCA3E-679A-497D-9014-2FA65FFAD971}.Debug|Any CPU.ActiveCfg = Debug|Any CPU
		{9CCDCA3E-679A-497D-9014-2FA65FFAD971}.Debug|Any CPU.Build.0 = Debug|Any CPU
		{9CCDCA3E-679A-497D-9014-2FA65FFAD971}.Debug|x64.ActiveCfg = Debug|Any CPU
		{9CCDCA3E-679A-497D-9014-2FA65FFAD971}.Debug|x64.Build.0 = Debug|Any CPU
		{9CCDCA3E-679A-497D-9014-2FA65FFAD971}.Debug|x86.ActiveCfg = Debug|Any CPU
		{9CCDCA3E-679A-497D-9014-2FA65FFAD971}.Debug|x86.Build.0 = Debug|Any CPU
		{9CCDCA3E-679A-497D-9014-2FA65FFAD971}.Release|Any CPU.ActiveCfg = Release|Any CPU
		{9CCDCA3E-679A-497D-9014-2FA65FFAD971}.Release|Any CPU.Build.0 = Release|Any CPU
		{9CCDCA3E-679A-497D-9014-2FA65FFAD971}.Release|x64.ActiveCfg = Release|Any CPU
		{9CCDCA3E-679A-497D-9014-2FA65FFAD971}.Release|x64.Build.0 = Release|Any CPU
		{9CCDCA3E-679A-497D-9014-2FA65FFAD971}.Release|x86.ActiveCfg = Release|Any CPU
		{9CCDCA3E-679A-497D-9014-2FA65FFAD971}.Release|x86.Build.0 = Release|Any CPU
		{DE5BE560-5C28-4264-8BB9-A11793B6D0F1}.Debug|Any CPU.ActiveCfg = Debug|Any CPU
		{DE5BE560-5C28-4264-8BB9-A11793B6D0F1}.Debug|Any CPU.Build.0 = Debug|Any CPU
		{DE5BE560-5C28-4264-8BB9-A11793B6D0F1}.Debug|x64.ActiveCfg = Debug|Any CPU
		{DE5BE560-5C28-4264-8BB9-A11793B6D0F1}.Debug|x64.Build.0 = Debug|Any CPU
		{DE5BE560-5C28-4264-8BB9-A11793B6D0F1}.Debug|x86.ActiveCfg = Debug|Any CPU
		{DE5BE560-5C28-4264-8BB9-A11793B6D0F1}.Debug|x86.Build.0 = Debug|Any CPU
		{DE5BE560-5C28-4264-8BB9-A11793B6D0F1}.Release|Any CPU.ActiveCfg = Release|Any CPU
		{DE5BE560-5C28-4264-8BB9-A11793B6D0F1}.Release|Any CPU.Build.0 = Release|Any CPU
		{DE5BE560-5C28-4264-8BB9-A11793B6D0F1}.Release|x64.ActiveCfg = Release|Any CPU
		{DE5BE560-5C28-4264-8BB9-A11793B6D0F1}.Release|x64.Build.0 = Release|Any CPU
		{DE5BE560-5C28-4264-8BB9-A11793B6D0F1}.Release|x86.ActiveCfg = Release|Any CPU
		{DE5BE560-5C28-4264-8BB9-A11793B6D0F1}.Release|x86.Build.0 = Release|Any CPU
		{30CB8F63-F66D-4297-8F54-C06FF8FBF963}.Debug|Any CPU.ActiveCfg = Debug|Any CPU
		{30CB8F63-F66D-4297-8F54-C06FF8FBF963}.Debug|Any CPU.Build.0 = Debug|Any CPU
		{30CB8F63-F66D-4297-8F54-C06FF8FBF963}.Debug|x64.ActiveCfg = Debug|Any CPU
		{30CB8F63-F66D-4297-8F54-C06FF8FBF963}.Debug|x64.Build.0 = Debug|Any CPU
		{30CB8F63-F66D-4297-8F54-C06FF8FBF963}.Debug|x86.ActiveCfg = Debug|Any CPU
		{30CB8F63-F66D-4297-8F54-C06FF8FBF963}.Debug|x86.Build.0 = Debug|Any CPU
		{30CB8F63-F66D-4297-8F54-C06FF8FBF963}.Release|Any CPU.ActiveCfg = Release|Any CPU
		{30CB8F63-F66D-4297-8F54-C06FF8FBF963}.Release|Any CPU.Build.0 = Release|Any CPU
		{30CB8F63-F66D-4297-8F54-C06FF8FBF963}.Release|x64.ActiveCfg = Release|Any CPU
		{30CB8F63-F66D-4297-8F54-C06FF8FBF963}.Release|x64.Build.0 = Release|Any CPU
		{30CB8F63-F66D-4297-8F54-C06FF8FBF963}.Release|x86.ActiveCfg = Release|Any CPU
		{30CB8F63-F66D-4297-8F54-C06FF8FBF963}.Release|x86.Build.0 = Release|Any CPU
		{992F5AEA-24FB-4DB0-AAB4-964C545E102E}.Debug|Any CPU.ActiveCfg = Debug|Any CPU
		{992F5AEA-24FB-4DB0-AAB4-964C545E102E}.Debug|Any CPU.Build.0 = Debug|Any CPU
		{992F5AEA-24FB-4DB0-AAB4-964C545E102E}.Debug|x64.ActiveCfg = Debug|Any CPU
		{992F5AEA-24FB-4DB0-AAB4-964C545E102E}.Debug|x64.Build.0 = Debug|Any CPU
		{992F5AEA-24FB-4DB0-AAB4-964C545E102E}.Debug|x86.ActiveCfg = Debug|Any CPU
		{992F5AEA-24FB-4DB0-AAB4-964C545E102E}.Debug|x86.Build.0 = Debug|Any CPU
		{992F5AEA-24FB-4DB0-AAB4-964C545E102E}.Release|Any CPU.ActiveCfg = Release|Any CPU
		{992F5AEA-24FB-4DB0-AAB4-964C545E102E}.Release|Any CPU.Build.0 = Release|Any CPU
		{992F5AEA-24FB-4DB0-AAB4-964C545E102E}.Release|x64.ActiveCfg = Release|Any CPU
		{992F5AEA-24FB-4DB0-AAB4-964C545E102E}.Release|x64.Build.0 = Release|Any CPU
		{992F5AEA-24FB-4DB0-AAB4-964C545E102E}.Release|x86.ActiveCfg = Release|Any CPU
		{992F5AEA-24FB-4DB0-AAB4-964C545E102E}.Release|x86.Build.0 = Release|Any CPU
		{1A98CAD6-1245-4EEB-9901-829A380A040A}.Debug|Any CPU.ActiveCfg = Debug|Any CPU
		{1A98CAD6-1245-4EEB-9901-829A380A040A}.Debug|Any CPU.Build.0 = Debug|Any CPU
		{1A98CAD6-1245-4EEB-9901-829A380A040A}.Debug|x64.ActiveCfg = Debug|Any CPU
		{1A98CAD6-1245-4EEB-9901-829A380A040A}.Debug|x64.Build.0 = Debug|Any CPU
		{1A98CAD6-1245-4EEB-9901-829A380A040A}.Debug|x86.ActiveCfg = Debug|Any CPU
		{1A98CAD6-1245-4EEB-9901-829A380A040A}.Debug|x86.Build.0 = Debug|Any CPU
		{1A98CAD6-1245-4EEB-9901-829A380A040A}.Release|Any CPU.ActiveCfg = Release|Any CPU
		{1A98CAD6-1245-4EEB-9901-829A380A040A}.Release|Any CPU.Build.0 = Release|Any CPU
		{1A98CAD6-1245-4EEB-9901-829A380A040A}.Release|x64.ActiveCfg = Release|Any CPU
		{1A98CAD6-1245-4EEB-9901-829A380A040A}.Release|x64.Build.0 = Release|Any CPU
		{1A98CAD6-1245-4EEB-9901-829A380A040A}.Release|x86.ActiveCfg = Release|Any CPU
		{1A98CAD6-1245-4EEB-9901-829A380A040A}.Release|x86.Build.0 = Release|Any CPU
		{55864E24-D9B6-444B-A19D-1B89B80C2C26}.Debug|Any CPU.ActiveCfg = Debug|Any CPU
		{55864E24-D9B6-444B-A19D-1B89B80C2C26}.Debug|Any CPU.Build.0 = Debug|Any CPU
		{55864E24-D9B6-444B-A19D-1B89B80C2C26}.Debug|x64.ActiveCfg = Debug|Any CPU
		{55864E24-D9B6-444B-A19D-1B89B80C2C26}.Debug|x64.Build.0 = Debug|Any CPU
		{55864E24-D9B6-444B-A19D-1B89B80C2C26}.Debug|x86.ActiveCfg = Debug|Any CPU
		{55864E24-D9B6-444B-A19D-1B89B80C2C26}.Debug|x86.Build.0 = Debug|Any CPU
		{55864E24-D9B6-444B-A19D-1B89B80C2C26}.Release|Any CPU.ActiveCfg = Release|Any CPU
		{55864E24-D9B6-444B-A19D-1B89B80C2C26}.Release|Any CPU.Build.0 = Release|Any CPU
		{55864E24-D9B6-444B-A19D-1B89B80C2C26}.Release|x64.ActiveCfg = Release|Any CPU
		{55864E24-D9B6-444B-A19D-1B89B80C2C26}.Release|x64.Build.0 = Release|Any CPU
		{55864E24-D9B6-444B-A19D-1B89B80C2C26}.Release|x86.ActiveCfg = Release|Any CPU
		{55864E24-D9B6-444B-A19D-1B89B80C2C26}.Release|x86.Build.0 = Release|Any CPU
		{FB8819C3-B2B1-4BB8-94D0-A1879295C458}.Debug|Any CPU.ActiveCfg = Debug|Any CPU
		{FB8819C3-B2B1-4BB8-94D0-A1879295C458}.Debug|Any CPU.Build.0 = Debug|Any CPU
		{FB8819C3-B2B1-4BB8-94D0-A1879295C458}.Debug|x64.ActiveCfg = Debug|Any CPU
		{FB8819C3-B2B1-4BB8-94D0-A1879295C458}.Debug|x64.Build.0 = Debug|Any CPU
		{FB8819C3-B2B1-4BB8-94D0-A1879295C458}.Debug|x86.ActiveCfg = Debug|Any CPU
		{FB8819C3-B2B1-4BB8-94D0-A1879295C458}.Debug|x86.Build.0 = Debug|Any CPU
		{FB8819C3-B2B1-4BB8-94D0-A1879295C458}.Release|Any CPU.ActiveCfg = Release|Any CPU
		{FB8819C3-B2B1-4BB8-94D0-A1879295C458}.Release|Any CPU.Build.0 = Release|Any CPU
		{FB8819C3-B2B1-4BB8-94D0-A1879295C458}.Release|x64.ActiveCfg = Release|Any CPU
		{FB8819C3-B2B1-4BB8-94D0-A1879295C458}.Release|x64.Build.0 = Release|Any CPU
		{FB8819C3-B2B1-4BB8-94D0-A1879295C458}.Release|x86.ActiveCfg = Release|Any CPU
		{FB8819C3-B2B1-4BB8-94D0-A1879295C458}.Release|x86.Build.0 = Release|Any CPU
	EndGlobalSection
	GlobalSection(SolutionProperties) = preSolution
		HideSolutionNode = FALSE
	EndGlobalSection
	GlobalSection(NestedProjects) = preSolution
		{A59FA0BB-86A9-40D9-AFF7-F2523F1D0F9B} = {827E0CD3-B72D-47B6-A68D-7590B98EB39B}
		{679BCDDF-81F3-4B52-AEE3-976CCB0544D5} = {827E0CD3-B72D-47B6-A68D-7590B98EB39B}
		{B6EAC893-04A5-44EE-8BEB-36029FECB081} = {827E0CD3-B72D-47B6-A68D-7590B98EB39B}
		{9CCDCA3E-679A-497D-9014-2FA65FFAD971} = {827E0CD3-B72D-47B6-A68D-7590B98EB39B}
		{DE5BE560-5C28-4264-8BB9-A11793B6D0F1} = {827E0CD3-B72D-47B6-A68D-7590B98EB39B}
		{30CB8F63-F66D-4297-8F54-C06FF8FBF963} = {827E0CD3-B72D-47B6-A68D-7590B98EB39B}
		{992F5AEA-24FB-4DB0-AAB4-964C545E102E} = {0AB3BF05-4346-4AA6-1389-037BE0695223}
		{1A98CAD6-1245-4EEB-9901-829A380A040A} = {0AB3BF05-4346-4AA6-1389-037BE0695223}
		{55864E24-D9B6-444B-A19D-1B89B80C2C26} = {0AB3BF05-4346-4AA6-1389-037BE0695223}
		{FB8819C3-B2B1-4BB8-94D0-A1879295C458} = {0AB3BF05-4346-4AA6-1389-037BE0695223}
	EndGlobalSection
EndGlobal
